<Solution>
  <Project Path="App.Application/App.Application.csproj" />
  <Project Path="App.Domain/App.Domain.csproj" />
  <Project Path="App.Infrastructure/App.Infrastructure.csproj" />
  <Project Path="App.Persistence/App.Persistence.csproj" />
  <Project Path="App.WebApi/App.WebApi.csproj" />
</Solution>
